// !$*UTF8*$!
{
	archiveVersion = 1;
	classes = {
	};
	objectVersion = 46;
	objects = {

/* Begin PBXBuildFile section */
		3F6E06671C6BF0BC00636123 /* Daily.swift in Sources */ = {isa = PBXBuildFile; fileRef = 3F6E06661C6BF0BC00636123 /* Daily.swift */; };
		3F6E06691C6BF14500636123 /* Hourly.swift in Sources */ = {isa = PBXBuildFile; fileRef = 3F6E06681C6BF14500636123 /* Hourly.swift */; };
		3F6E066B1C6BF18E00636123 /* HourlyViewController.swift in Sources */ = {isa = PBXBuildFile; fileRef = 3F6E066A1C6BF18E00636123 /* HourlyViewController.swift */; };
		3F6E066D1C6BF19800636123 /* DailyViewController.swift in Sources */ = {isa = PBXBuildFile; fileRef = 3F6E066C1C6BF19800636123 /* DailyViewController.swift */; };
		3F75F6A61C6A0CC200BE1776 /* WeatherService.swift in Sources */ = {isa = PBXBuildFile; fileRef = 3F75F6A51C6A0CC200BE1776 /* WeatherService.swift */; };
		3F75F6A81C6A219100BE1776 /* Weather.swift in Sources */ = {isa = PBXBuildFile; fileRef = 3F75F6A71C6A219100BE1776 /* Weather.swift */; };
		3F75F6AC1C6A463800BE1776 /* SwiftyJSON.swift in Sources */ = {isa = PBXBuildFile; fileRef = 3F75F6AB1C6A463800BE1776 /* SwiftyJSON.swift */; };
		3F85E75E1C6918B600410FD3 /* AppDelegate.swift in Sources */ = {isa = PBXBuildFile; fileRef = 3F85E75D1C6918B600410FD3 /* AppDelegate.swift */; };
		3F85E7601C6918B600410FD3 /* ViewController.swift in Sources */ = {isa = PBXBuildFile; fileRef = 3F85E75F1C6918B600410FD3 /* ViewController.swift */; };
		3F85E7631C6918B600410FD3 /* Main.storyboard in Resources */ = {isa = PBXBuildFile; fileRef = 3F85E7611C6918B600410FD3 /* Main.storyboard */; };
		3F85E7651C6918B600410FD3 /* Assets.xcassets in Resources */ = {isa = PBXBuildFile; fileRef = 3F85E7641C6918B600410FD3 /* Assets.xcassets */; };
		3F85E7681C6918B600410FD3 /* LaunchScreen.storyboard in Resources */ = {isa = PBXBuildFile; fileRef = 3F85E7661C6918B600410FD3 /* LaunchScreen.storyboard */; };
/* End PBXBuildFile section */

/* Begin PBXFileReference section */
		3F6E06661C6BF0BC00636123 /* Daily.swift */ = {isa = PBXFileReference; fileEncoding = 4; lastKnownFileType = sourcecode.swift; path = Daily.swift; sourceTree = "<group>"; };
		3F6E06681C6BF14500636123 /* Hourly.swift */ = {isa = PBXFileReference; fileEncoding = 4; lastKnownFileType = sourcecode.swift; path = Hourly.swift; sourceTree = "<group>"; };
		3F6E066A1C6BF18E00636123 /* HourlyViewController.swift */ = {isa = PBXFileReference; fileEncoding = 4; lastKnownFileType = sourcecode.swift; path = HourlyViewController.swift; sourceTree = "<group>"; };
		3F6E066C1C6BF19800636123 /* DailyViewController.swift */ = {isa = PBXFileReference; fileEncoding = 4; lastKnownFileType = sourcecode.swift; path = DailyViewController.swift; sourceTree = "<group>"; };
		3F75F6A51C6A0CC200BE1776 /* WeatherService.swift */ = {isa = PBXFileReference; fileEncoding = 4; lastKnownFileType = sourcecode.swift; path = WeatherService.swift; sourceTree = "<group>"; };
		3F75F6A71C6A219100BE1776 /* Weather.swift */ = {isa = PBXFileReference; fileEncoding = 4; lastKnownFileType = sourcecode.swift; path = Weather.swift; sourceTree = "<group>"; };
		3F75F6AB1C6A463800BE1776 /* SwiftyJSON.swift */ = {isa = PBXFileReference; fileEncoding = 4; lastKnownFileType = sourcecode.swift; path = SwiftyJSON.swift; sourceTree = "<group>"; };
		3F85E75A1C6918B600410FD3 /* WetterApp.app */ = {isa = PBXFileReference; explicitFileType = wrapper.application; includeInIndex = 0; path = WetterApp.app; sourceTree = BUILT_PRODUCTS_DIR; };
		3F85E75D1C6918B600410FD3 /* AppDelegate.swift */ = {isa = PBXFileReference; lastKnownFileType = sourcecode.swift; path = AppDelegate.swift; sourceTree = "<group>"; };
		3F85E75F1C6918B600410FD3 /* ViewController.swift */ = {isa = PBXFileReference; lastKnownFileType = sourcecode.swift; path = ViewController.swift; sourceTree = "<group>"; };
		3F85E7621C6918B600410FD3 /* Base */ = {isa = PBXFileReference; lastKnownFileType = file.storyboard; name = Base; path = Base.lproj/Main.storyboard; sourceTree = "<group>"; };
		3F85E7641C6918B600410FD3 /* Assets.xcassets */ = {isa = PBXFileReference; lastKnownFileType = folder.assetcatalog; path = Assets.xcassets; sourceTree = "<group>"; };
		3F85E7671C6918B600410FD3 /* Base */ = {isa = PBXFileReference; lastKnownFileType = file.storyboard; name = Base; path = Base.lproj/LaunchScreen.storyboard; sourceTree = "<group>"; };
		3F85E7691C6918B600410FD3 /* Info.plist */ = {isa = PBXFileReference; lastKnownFileType = text.plist.xml; path = Info.plist; sourceTree = "<group>"; };
/* End PBXFileReference section */

/* Begin PBXFrameworksBuildPhase section */
		3F85E7571C6918B600410FD3 /* Frameworks */ = {
			isa = PBXFrameworksBuildPhase;
			buildActionMask = 2147483647;
			files = (
			);
			runOnlyForDeploymentPostprocessing = 0;
		};
/* End PBXFrameworksBuildPhase section */

/* Begin PBXGroup section */
		3F6E06631C6B81C200636123 /* Controller */ = {
			isa = PBXGroup;
			children = (
				3F85E75F1C6918B600410FD3 /* ViewController.swift */,
				3F75F6AB1C6A463800BE1776 /* SwiftyJSON.swift */,
				3F6E066A1C6BF18E00636123 /* HourlyViewController.swift */,
				3F6E066C1C6BF19800636123 /* DailyViewController.swift */,
				3F85E75D1C6918B600410FD3 /* AppDelegate.swift */,
			);
			name = Controller;
			sourceTree = "<group>";
		};
		3F6E06641C6B81CC00636123 /* Model */ = {
			isa = PBXGroup;
			children = (
				3F85E7641C6918B600410FD3 /* Assets.xcassets */,
				3F75F6A51C6A0CC200BE1776 /* WeatherService.swift */,
				3F6E06681C6BF14500636123 /* Hourly.swift */,
				3F6E06661C6BF0BC00636123 /* Daily.swift */,
				3F75F6A71C6A219100BE1776 /* Weather.swift */,
			);
			name = Model;
			sourceTree = "<group>";
		};
		3F6E06651C6B825E00636123 /* View */ = {
			isa = PBXGroup;
			children = (
				3F85E7661C6918B600410FD3 /* LaunchScreen.storyboard */,
				3F85E7611C6918B600410FD3 /* Main.storyboard */,
			);
			name = View;
			sourceTree = "<group>";
		};
		3F85E7511C6918B600410FD3 = {
			isa = PBXGroup;
			children = (
				3F85E75C1C6918B600410FD3 /* WetterApp */,
				3F85E75B1C6918B600410FD3 /* Products */,
			);
			sourceTree = "<group>";
		};
		3F85E75B1C6918B600410FD3 /* Products */ = {
			isa = PBXGroup;
			children = (
				3F85E75A1C6918B600410FD3 /* WetterApp.app */,
			);
			name = Products;
			sourceTree = "<group>";
		};
		3F85E75C1C6918B600410FD3 /* WetterApp */ = {
			isa = PBXGroup;
			children = (
				3F6E06651C6B825E00636123 /* View */,
				3F6E06631C6B81C200636123 /* Controller */,
				3F6E06641C6B81CC00636123 /* Model */,
				3F85E7691C6918B600410FD3 /* Info.plist */,
			);
			path = WetterApp;
			sourceTree = "<group>";
		};
/* End PBXGroup section */

/* Begin PBXNativeTarget section */
		3F85E7591C6918B600410FD3 /* WetterApp */ = {
			isa = PBXNativeTarget;
			buildConfigurationList = 3F85E76C1C6918B600410FD3 /* Build configuration list for PBXNativeTarget "WetterApp" */;
			buildPhases = (
				3F85E7561C6918B600410FD3 /* Sources */,
				3F85E7571C6918B600410FD3 /* Frameworks */,
				3F85E7581C6918B600410FD3 /* Resources */,
			);
			buildRules = (
			);
			dependencies = (
			);
			name = WetterApp;
			productName = WetterApp;
			productReference = 3F85E75A1C6918B600410FD3 /* WetterApp.app */;
			productType = "com.apple.product-type.application";
		};
/* End PBXNativeTarget section */

/* Begin PBXProject section */
		3F85E7521C6918B600410FD3 /* Project object */ = {
			isa = PBXProject;
			attributes = {
				LastSwiftUpdateCheck = 0710;
				LastUpgradeCheck = 0710;
				ORGANIZATIONNAME = student;
				TargetAttributes = {
					3F85E7591C6918B600410FD3 = {
						CreatedOnToolsVersion = 7.1.1;
					};
				};
			};
			buildConfigurationList = 3F85E7551C6918B600410FD3 /* Build configuration list for PBXProject "WetterApp" */;
			compatibilityVersion = "Xcode 3.2";
			developmentRegion = English;
			hasScannedForEncodings = 0;
			knownRegions = (
				en,
				Base,
			);
			mainGroup = 3F85E7511C6918B600410FD3;
			productRefGroup = 3F85E75B1C6918B600410FD3 /* Products */;
			projectDirPath = "";
			projectRoot = "";
			targets = (
				3F85E7591C6918B600410FD3 /* WetterApp */,
			);
		};
/* End PBXProject section */

/* Begin PBXResourcesBuildPhase section */
		3F85E7581C6918B600410FD3 /* Resources */ = {
			isa = PBXResourcesBuildPhase;
			buildActionMask = 2147483647;
			files = (
				3F85E7681C6918B600410FD3 /* LaunchScreen.storyboard in Resources */,
				3F85E7651C6918B600410FD3 /* Assets.xcassets in Resources */,
				3F85E7631C6918B600410FD3 /* Main.storyboard in Resources */,
			);
			runOnlyForDeploymentPostprocessing = 0;
		};
/* End PBXResourcesBuildPhase section */

/* Begin PBXSourcesBuildPhase section */
		3F85E7561C6918B600410FD3 /* Sources */ = {
			isa = PBXSourcesBuildPhase;
			buildActionMask = 2147483647;
			files = (
				3F6E06671C6BF0BC00636123 /* Daily.swift in Sources */,
				3F75F6A61C6A0CC200BE1776 /* WeatherService.swift in Sources */,
				3F6E066D1C6BF19800636123 /* DailyViewController.swift in Sources */,
				3F85E7601C6918B600410FD3 /* ViewController.swift in Sources */,
				3F6E06691C6BF14500636123 /* Hourly.swift in Sources */,
				3F75F6AC1C6A463800BE1776 /* SwiftyJSON.swift in Sources */,
				3F85E75E1C6918B600410FD3 /* AppDelegate.swift in Sources */,
				3F75F6A81C6A219100BE1776 /* Weather.swift in Sources */,
				3F6E066B1C6BF18E00636123 /* HourlyViewController.swift in Sources */,
			);
			runOnlyForDeploymentPostprocessing = 0;
		};
/* End PBXSourcesBuildPhase section */

/* Begin PBXVariantGroup section */
		3F85E7611C6918B600410FD3 /* Main.storyboard */ = {
			isa = PBXVariantGroup;
			children = (
				3F85E7621C6918B600410FD3 /* Base */,
			);
			name = Main.storyboard;
			sourceTree = "<group>";
		};
		3F85E7661C6918B600410FD3 /* LaunchScreen.storyboard */ = {
			isa = PBXVariantGroup;
			children = (
				3F85E7671C6918B600410FD3 /* Base */,
			);
			name = LaunchScreen.storyboard;
			sourceTree = "<group>";
		};
/* End PBXVariantGroup section */

/* Begin XCBuildConfiguration section */
		3F85E76A1C6918B600410FD3 /* Debug */ = {
			isa = XCBuildConfiguration;
			buildSettings = {
				ALWAYS_SEARCH_USER_PATHS = NO;
				CLANG_CXX_LANGUAGE_STANDARD = "gnu++0x";
				CLANG_CXX_LIBRARY = "libc++";
				CLANG_ENABLE_MODULES = YES;
				CLANG_ENABLE_OBJC_ARC = YES;
				CLANG_WARN_BOOL_CONVERSION = YES;
				CLANG_WARN_CONSTANT_CONVERSION = YES;
				CLANG_WARN_DIRECT_OBJC_ISA_USAGE = YES_ERROR;
				CLANG_WARN_EMPTY_BODY = YES;
				CLANG_WARN_ENUM_CONVERSION = YES;
				CLANG_WARN_INT_CONVERSION = YES;
				CLANG_WARN_OBJC_ROOT_CLASS = YES_ERROR;
				CLANG_WARN_UNREACHABLE_CODE = YES;
				CLANG_WARN__DUPLICATE_METHOD_MATCH = YES;
				"CODE_SIGN_IDENTITY[sdk=iphoneos*]" = "iPhone Developer";
				COPY_PHASE_STRIP = NO;
				DEBUG_INFORMATION_FORMAT = dwarf;
				ENABLE_STRICT_OBJC_MSGSEND = YES;
				ENABLE_TESTABILITY = YES;
				GCC_C_LANGUAGE_STANDARD = gnu99;
				GCC_DYNAMIC_NO_PIC = NO;
				GCC_NO_COMMON_BLOCKS = YES;
				GCC_OPTIMIZATION_LEVEL = 0;
				GCC_PREPROCESSOR_DEFINITIONS = (
					"DEBUG=1",
					"$(inherited)",
				);
				GCC_WARN_64_TO_32_BIT_CONVERSION = YES;
				GCC_WARN_ABOUT_RETURN_TYPE = YES_ERROR;
				GCC_WARN_UNDECLARED_SELECTOR = YES;
				GCC_WARN_UNINITIALIZED_AUTOS = YES_AGGRESSIVE;
				GCC_WARN_UNUSED_FUNCTION = YES;
				GCC_WARN_UNUSED_VARIABLE = YES;
				IPHONEOS_DEPLOYMENT_TARGET = 9.1;
				MTL_ENABLE_DEBUG_INFO = YES;
				ONLY_ACTIVE_ARCH = YES;
				SDKROOT = iphoneos;
				SWIFT_OPTIMIZATION_LEVEL = "-Onone";
				TARGETED_DEVICE_FAMILY = "1,2";
			};
			name = Debug;
		};
		3F85E76B1C6918B600410FD3 /* Release */ = {
			isa = XCBuildConfiguration;
			buildSettings = {
				ALWAYS_SEARCH_USER_PATHS = NO;
				CLANG_CXX_LANGUAGE_STANDARD = "gnu++0x";
				CLANG_CXX_LIBRARY = "libc++";
				CLANG_ENABLE_MODULES = YES;
				CLANG_ENABLE_OBJC_ARC = YES;
				CLANG_WARN_BOOL_CONVERSION = YES;
				CLANG_WARN_CONSTANT_CONVERSION = YES;
				CLANG_WARN_DIRECT_OBJC_ISA_USAGE = YES_ERROR;
				CLANG_WARN_EMPTY_BODY = YES;
				CLANG_WARN_ENUM_CONVERSION = YES;
				CLANG_WARN_INT_CONVERSION = YES;
				CLANG_WARN_OBJC_ROOT_CLASS = YES_ERROR;
				CLANG_WARN_UNREACHABLE_CODE = YES;
				CLANG_WARN__DUPLICATE_METHOD_MATCH = YES;
				"CODE_SIGN_IDENTITY[sdk=iphoneos*]" = "iPhone Developer";
				COPY_PHASE_STRIP = NO;
				DEBUG_INFORMATION_FORMAT = "dwarf-with-dsym";
				ENABLE_NS_ASSERTIONS = NO;
				ENABLE_STRICT_OBJC_MSGSEND = YES;
				GCC_C_LANGUAGE_STANDARD = gnu99;
				GCC_NO_COMMON_BLOCKS = YES;
				GCC_WARN_64_TO_32_BIT_CONVERSION = YES;
				GCC_WARN_ABOUT_RETURN_TYPE = YES_ERROR;
				GCC_WARN_UNDECLARED_SELECTOR = YES;
				GCC_WARN_UNINITIALIZED_AUTOS = YES_AGGRESSIVE;
				GCC_WARN_UNUSED_FUNCTION = YES;
				GCC_WARN_UNUSED_VARIABLE = YES;
				IPHONEOS_DEPLOYMENT_TARGET = 9.1;
				MTL_ENABLE_DEBUG_INFO = NO;
				SDKROOT = iphoneos;
				TARGETED_DEVICE_FAMILY = "1,2";
				VALIDATE_PRODUCT = YES;
			};
			name = Release;
		};
		3F85E76D1C6918B600410FD3 /* Debug */ = {
			isa = XCBuildConfiguration;
			buildSettings = {
				ASSETCATALOG_COMPILER_APPICON_NAME = AppIcon;
				INFOPLIST_FILE = WetterApp/Info.plist;
				LD_RUNPATH_SEARCH_PATHS = "$(inherited) @executable_path/Frameworks";
				PRODUCT_BUNDLE_IDENTIFIER = de.jsmarts.WetterApp;
				PRODUCT_NAME = "$(TARGET_NAME)";
			};
			name = Debug;
		};
		3F85E76E1C6918B600410FD3 /* Release */ = {
			isa = XCBuildConfiguration;
			buildSettings = {
				ASSETCATALOG_COMPILER_APPICON_NAME = AppIcon;
				INFOPLIST_FILE = WetterApp/Info.plist;
				LD_RUNPATH_SEARCH_PATHS = "$(inherited) @executable_path/Frameworks";
				PRODUCT_BUNDLE_IDENTIFIER = de.jsmarts.WetterApp;
				PRODUCT_NAME = "$(TARGET_NAME)";
			};
			name = Release;
		};
/* End XCBuildConfiguration section */

/* Begin XCConfigurationList section */
		3F85E7551C6918B600410FD3 /* Build configuration list for PBXProject "WetterApp" */ = {
			isa = XCConfigurationList;
			buildConfigurations = (
				3F85E76A1C6918B600410FD3 /* Debug */,
				3F85E76B1C6918B600410FD3 /* Release */,
			);
			defaultConfigurationIsVisible = 0;
			defaultConfigurationName = Release;
		};
		3F85E76C1C6918B600410FD3 /* Build configuration list for PBXNativeTarget "WetterApp" */ = {
			isa = XCConfigurationList;
			buildConfigurations = (
				3F85E76D1C6918B600410FD3 /* Debug */,
				3F85E76E1C6918B600410FD3 /* Release */,
			);
			defaultConfigurationIsVisible = 0;
			defaultConfigurationName = Release;
		};
/* End XCConfigurationList section */
	};
	rootObject = 3F85E7521C6918B600410FD3 /* Project object */;
}
