// !$*UTF8*$!
{
	archiveVersion = 1;
	classes = {
	};
	objectVersion = 46;
	objects = {

/* Begin PBXBuildFile section */
		3F75F6871C69EFBD00BE1776 /* Abstract.jpg in Resources */ = {isa = PBXBuildFile; fileRef = 3F75F6671C69EFBD00BE1776 /* Abstract.jpg */; };
		3F75F6881C69EFBD00BE1776 /* Body.jpg in Resources */ = {isa = PBXBuildFile; fileRef = 3F75F6681C69EFBD00BE1776 /* Body.jpg */; };
		3F75F6891C69EFBD00BE1776 /* City.jpg in Resources */ = {isa = PBXBuildFile; fileRef = 3F75F6691C69EFBD00BE1776 /* City.jpg */; };
		3F75F68A1C69EFBD00BE1776 /* Regen.jpg in Resources */ = {isa = PBXBuildFile; fileRef = 3F75F66A1C69EFBD00BE1776 /* Regen.jpg */; };
		3F75F68B1C69EFBD00BE1776 /* bg.png in Resources */ = {isa = PBXBuildFile; fileRef = 3F75F66C1C69EFBD00BE1776 /* bg.png */; };
		3F75F68C1C69EFBD00BE1776 /* bg@2x.png in Resources */ = {isa = PBXBuildFile; fileRef = 3F75F66D1C69EFBD00BE1776 /* bg@2x.png */; };
		3F75F68D1C69EFBD00BE1776 /* weather-broken.png in Resources */ = {isa = PBXBuildFile; fileRef = 3F75F66F1C69EFBD00BE1776 /* weather-broken.png */; };
		3F75F68E1C69EFBD00BE1776 /* weather-broken@2x.png in Resources */ = {isa = PBXBuildFile; fileRef = 3F75F6701C69EFBD00BE1776 /* weather-broken@2x.png */; };
		3F75F68F1C69EFBD00BE1776 /* weather-clear.png in Resources */ = {isa = PBXBuildFile; fileRef = 3F75F6711C69EFBD00BE1776 /* weather-clear.png */; };
		3F75F6901C69EFBD00BE1776 /* weather-clear@2x.png in Resources */ = {isa = PBXBuildFile; fileRef = 3F75F6721C69EFBD00BE1776 /* weather-clear@2x.png */; };
		3F75F6911C69EFBD00BE1776 /* weather-few-night.png in Resources */ = {isa = PBXBuildFile; fileRef = 3F75F6731C69EFBD00BE1776 /* weather-few-night.png */; };
		3F75F6921C69EFBD00BE1776 /* weather-few-night@2x.png in Resources */ = {isa = PBXBuildFile; fileRef = 3F75F6741C69EFBD00BE1776 /* weather-few-night@2x.png */; };
		3F75F6931C69EFBD00BE1776 /* weather-few.png in Resources */ = {isa = PBXBuildFile; fileRef = 3F75F6751C69EFBD00BE1776 /* weather-few.png */; };
		3F75F6941C69EFBD00BE1776 /* weather-few@2x.png in Resources */ = {isa = PBXBuildFile; fileRef = 3F75F6761C69EFBD00BE1776 /* weather-few@2x.png */; };
		3F75F6951C69EFBD00BE1776 /* weather-mist.png in Resources */ = {isa = PBXBuildFile; fileRef = 3F75F6771C69EFBD00BE1776 /* weather-mist.png */; };
		3F75F6961C69EFBD00BE1776 /* weather-mist@2x.png in Resources */ = {isa = PBXBuildFile; fileRef = 3F75F6781C69EFBD00BE1776 /* weather-mist@2x.png */; };
		3F75F6971C69EFBD00BE1776 /* weather-moon.png in Resources */ = {isa = PBXBuildFile; fileRef = 3F75F6791C69EFBD00BE1776 /* weather-moon.png */; };
		3F75F6981C69EFBD00BE1776 /* weather-moon@2x.png in Resources */ = {isa = PBXBuildFile; fileRef = 3F75F67A1C69EFBD00BE1776 /* weather-moon@2x.png */; };
		3F75F6991C69EFBD00BE1776 /* weather-rain-night.png in Resources */ = {isa = PBXBuildFile; fileRef = 3F75F67B1C69EFBD00BE1776 /* weather-rain-night.png */; };
		3F75F69A1C69EFBD00BE1776 /* weather-rain-night@2x.png in Resources */ = {isa = PBXBuildFile; fileRef = 3F75F67C1C69EFBD00BE1776 /* weather-rain-night@2x.png */; };
		3F75F69B1C69EFBD00BE1776 /* weather-rain.png in Resources */ = {isa = PBXBuildFile; fileRef = 3F75F67D1C69EFBD00BE1776 /* weather-rain.png */; };
		3F75F69C1C69EFBD00BE1776 /* weather-rain@2x.png in Resources */ = {isa = PBXBuildFile; fileRef = 3F75F67E1C69EFBD00BE1776 /* weather-rain@2x.png */; };
		3F75F69D1C69EFBD00BE1776 /* weather-scattered.png in Resources */ = {isa = PBXBuildFile; fileRef = 3F75F67F1C69EFBD00BE1776 /* weather-scattered.png */; };
		3F75F69E1C69EFBD00BE1776 /* weather-scattered@2x.png in Resources */ = {isa = PBXBuildFile; fileRef = 3F75F6801C69EFBD00BE1776 /* weather-scattered@2x.png */; };
		3F75F69F1C69EFBD00BE1776 /* weather-shower.png in Resources */ = {isa = PBXBuildFile; fileRef = 3F75F6811C69EFBD00BE1776 /* weather-shower.png */; };
		3F75F6A01C69EFBD00BE1776 /* weather-shower@2x.png in Resources */ = {isa = PBXBuildFile; fileRef = 3F75F6821C69EFBD00BE1776 /* weather-shower@2x.png */; };
		3F75F6A11C69EFBD00BE1776 /* weather-snow.png in Resources */ = {isa = PBXBuildFile; fileRef = 3F75F6831C69EFBD00BE1776 /* weather-snow.png */; };
		3F75F6A21C69EFBD00BE1776 /* weather-snow@2x.png in Resources */ = {isa = PBXBuildFile; fileRef = 3F75F6841C69EFBD00BE1776 /* weather-snow@2x.png */; };
		3F75F6A31C69EFBD00BE1776 /* weather-tstorm.png in Resources */ = {isa = PBXBuildFile; fileRef = 3F75F6851C69EFBD00BE1776 /* weather-tstorm.png */; };
		3F75F6A41C69EFBD00BE1776 /* weather-tstorm@2x.png in Resources */ = {isa = PBXBuildFile; fileRef = 3F75F6861C69EFBD00BE1776 /* weather-tstorm@2x.png */; };
		3F75F6A61C6A0CC200BE1776 /* WeatherService.swift in Sources */ = {isa = PBXBuildFile; fileRef = 3F75F6A51C6A0CC200BE1776 /* WeatherService.swift */; };
		3F85E75E1C6918B600410FD3 /* AppDelegate.swift in Sources */ = {isa = PBXBuildFile; fileRef = 3F85E75D1C6918B600410FD3 /* AppDelegate.swift */; };
		3F85E7601C6918B600410FD3 /* ViewController.swift in Sources */ = {isa = PBXBuildFile; fileRef = 3F85E75F1C6918B600410FD3 /* ViewController.swift */; };
		3F85E7631C6918B600410FD3 /* Main.storyboard in Resources */ = {isa = PBXBuildFile; fileRef = 3F85E7611C6918B600410FD3 /* Main.storyboard */; };
		3F85E7651C6918B600410FD3 /* Assets.xcassets in Resources */ = {isa = PBXBuildFile; fileRef = 3F85E7641C6918B600410FD3 /* Assets.xcassets */; };
		3F85E7681C6918B600410FD3 /* LaunchScreen.storyboard in Resources */ = {isa = PBXBuildFile; fileRef = 3F85E7661C6918B600410FD3 /* LaunchScreen.storyboard */; };
		3FFA336B1C69DA3E00E826A2 /* City.swift in Sources */ = {isa = PBXBuildFile; fileRef = 3FFA336A1C69DA3E00E826A2 /* City.swift */; };
/* End PBXBuildFile section */

/* Begin PBXFileReference section */
		3F75F6671C69EFBD00BE1776 /* Abstract.jpg */ = {isa = PBXFileReference; lastKnownFileType = image.jpeg; path = Abstract.jpg; sourceTree = "<group>"; };
		3F75F6681C69EFBD00BE1776 /* Body.jpg */ = {isa = PBXFileReference; lastKnownFileType = image.jpeg; path = Body.jpg; sourceTree = "<group>"; };
		3F75F6691C69EFBD00BE1776 /* City.jpg */ = {isa = PBXFileReference; lastKnownFileType = image.jpeg; path = City.jpg; sourceTree = "<group>"; };
		3F75F66A1C69EFBD00BE1776 /* Regen.jpg */ = {isa = PBXFileReference; lastKnownFileType = image.jpeg; path = Regen.jpg; sourceTree = "<group>"; };
		3F75F66C1C69EFBD00BE1776 /* bg.png */ = {isa = PBXFileReference; lastKnownFileType = image.png; path = bg.png; sourceTree = "<group>"; };
		3F75F66D1C69EFBD00BE1776 /* bg@2x.png */ = {isa = PBXFileReference; lastKnownFileType = image.png; path = "bg@2x.png"; sourceTree = "<group>"; };
		3F75F66F1C69EFBD00BE1776 /* weather-broken.png */ = {isa = PBXFileReference; lastKnownFileType = image.png; path = "weather-broken.png"; sourceTree = "<group>"; };
		3F75F6701C69EFBD00BE1776 /* weather-broken@2x.png */ = {isa = PBXFileReference; lastKnownFileType = image.png; path = "weather-broken@2x.png"; sourceTree = "<group>"; };
		3F75F6711C69EFBD00BE1776 /* weather-clear.png */ = {isa = PBXFileReference; lastKnownFileType = image.png; path = "weather-clear.png"; sourceTree = "<group>"; };
		3F75F6721C69EFBD00BE1776 /* weather-clear@2x.png */ = {isa = PBXFileReference; lastKnownFileType = image.png; path = "weather-clear@2x.png"; sourceTree = "<group>"; };
		3F75F6731C69EFBD00BE1776 /* weather-few-night.png */ = {isa = PBXFileReference; lastKnownFileType = image.png; path = "weather-few-night.png"; sourceTree = "<group>"; };
		3F75F6741C69EFBD00BE1776 /* weather-few-night@2x.png */ = {isa = PBXFileReference; lastKnownFileType = image.png; path = "weather-few-night@2x.png"; sourceTree = "<group>"; };
		3F75F6751C69EFBD00BE1776 /* weather-few.png */ = {isa = PBXFileReference; lastKnownFileType = image.png; path = "weather-few.png"; sourceTree = "<group>"; };
		3F75F6761C69EFBD00BE1776 /* weather-few@2x.png */ = {isa = PBXFileReference; lastKnownFileType = image.png; path = "weather-few@2x.png"; sourceTree = "<group>"; };
		3F75F6771C69EFBD00BE1776 /* weather-mist.png */ = {isa = PBXFileReference; lastKnownFileType = image.png; path = "weather-mist.png"; sourceTree = "<group>"; };
		3F75F6781C69EFBD00BE1776 /* weather-mist@2x.png */ = {isa = PBXFileReference; lastKnownFileType = image.png; path = "weather-mist@2x.png"; sourceTree = "<group>"; };
		3F75F6791C69EFBD00BE1776 /* weather-moon.png */ = {isa = PBXFileReference; lastKnownFileType = image.png; path = "weather-moon.png"; sourceTree = "<group>"; };
		3F75F67A1C69EFBD00BE1776 /* weather-moon@2x.png */ = {isa = PBXFileReference; lastKnownFileType = image.png; path = "weather-moon@2x.png"; sourceTree = "<group>"; };
		3F75F67B1C69EFBD00BE1776 /* weather-rain-night.png */ = {isa = PBXFileReference; lastKnownFileType = image.png; path = "weather-rain-night.png"; sourceTree = "<group>"; };
		3F75F67C1C69EFBD00BE1776 /* weather-rain-night@2x.png */ = {isa = PBXFileReference; lastKnownFileType = image.png; path = "weather-rain-night@2x.png"; sourceTree = "<group>"; };
		3F75F67D1C69EFBD00BE1776 /* weather-rain.png */ = {isa = PBXFileReference; lastKnownFileType = image.png; path = "weather-rain.png"; sourceTree = "<group>"; };
		3F75F67E1C69EFBD00BE1776 /* weather-rain@2x.png */ = {isa = PBXFileReference; lastKnownFileType = image.png; path = "weather-rain@2x.png"; sourceTree = "<group>"; };
		3F75F67F1C69EFBD00BE1776 /* weather-scattered.png */ = {isa = PBXFileReference; lastKnownFileType = image.png; path = "weather-scattered.png"; sourceTree = "<group>"; };
		3F75F6801C69EFBD00BE1776 /* weather-scattered@2x.png */ = {isa = PBXFileReference; lastKnownFileType = image.png; path = "weather-scattered@2x.png"; sourceTree = "<group>"; };
		3F75F6811C69EFBD00BE1776 /* weather-shower.png */ = {isa = PBXFileReference; lastKnownFileType = image.png; path = "weather-shower.png"; sourceTree = "<group>"; };
		3F75F6821C69EFBD00BE1776 /* weather-shower@2x.png */ = {isa = PBXFileReference; lastKnownFileType = image.png; path = "weather-shower@2x.png"; sourceTree = "<group>"; };
		3F75F6831C69EFBD00BE1776 /* weather-snow.png */ = {isa = PBXFileReference; lastKnownFileType = image.png; path = "weather-snow.png"; sourceTree = "<group>"; };
		3F75F6841C69EFBD00BE1776 /* weather-snow@2x.png */ = {isa = PBXFileReference; lastKnownFileType = image.png; path = "weather-snow@2x.png"; sourceTree = "<group>"; };
		3F75F6851C69EFBD00BE1776 /* weather-tstorm.png */ = {isa = PBXFileReference; lastKnownFileType = image.png; path = "weather-tstorm.png"; sourceTree = "<group>"; };
		3F75F6861C69EFBD00BE1776 /* weather-tstorm@2x.png */ = {isa = PBXFileReference; lastKnownFileType = image.png; path = "weather-tstorm@2x.png"; sourceTree = "<group>"; };
		3F75F6A51C6A0CC200BE1776 /* WeatherService.swift */ = {isa = PBXFileReference; fileEncoding = 4; lastKnownFileType = sourcecode.swift; path = WeatherService.swift; sourceTree = "<group>"; };
		3F85E75A1C6918B600410FD3 /* WetterApp.app */ = {isa = PBXFileReference; explicitFileType = wrapper.application; includeInIndex = 0; path = WetterApp.app; sourceTree = BUILT_PRODUCTS_DIR; };
		3F85E75D1C6918B600410FD3 /* AppDelegate.swift */ = {isa = PBXFileReference; lastKnownFileType = sourcecode.swift; path = AppDelegate.swift; sourceTree = "<group>"; };
		3F85E75F1C6918B600410FD3 /* ViewController.swift */ = {isa = PBXFileReference; lastKnownFileType = sourcecode.swift; path = ViewController.swift; sourceTree = "<group>"; };
		3F85E7621C6918B600410FD3 /* Base */ = {isa = PBXFileReference; lastKnownFileType = file.storyboard; name = Base; path = Base.lproj/Main.storyboard; sourceTree = "<group>"; };
		3F85E7641C6918B600410FD3 /* Assets.xcassets */ = {isa = PBXFileReference; lastKnownFileType = folder.assetcatalog; path = Assets.xcassets; sourceTree = "<group>"; };
		3F85E7671C6918B600410FD3 /* Base */ = {isa = PBXFileReference; lastKnownFileType = file.storyboard; name = Base; path = Base.lproj/LaunchScreen.storyboard; sourceTree = "<group>"; };
		3F85E7691C6918B600410FD3 /* Info.plist */ = {isa = PBXFileReference; lastKnownFileType = text.plist.xml; path = Info.plist; sourceTree = "<group>"; };
		3FFA336A1C69DA3E00E826A2 /* City.swift */ = {isa = PBXFileReference; fileEncoding = 4; lastKnownFileType = sourcecode.swift; name = City.swift; path = ../City.swift; sourceTree = "<group>"; };
/* End PBXFileReference section */

/* Begin PBXFrameworksBuildPhase section */
		3F85E7571C6918B600410FD3 /* Frameworks */ = {
			isa = PBXFrameworksBuildPhase;
			buildActionMask = 2147483647;
			files = (
			);
			runOnlyForDeploymentPostprocessing = 0;
		};
/* End PBXFrameworksBuildPhase section */

/* Begin PBXGroup section */
		3F75F6651C69EFBD00BE1776 /* Images */ = {
			isa = PBXGroup;
			children = (
				3F75F6661C69EFBD00BE1776 /* Background */,
				3F75F66B1C69EFBD00BE1776 /* Images */,
			);
			path = Images;
			sourceTree = "<group>";
		};
		3F75F6661C69EFBD00BE1776 /* Background */ = {
			isa = PBXGroup;
			children = (
				3F75F6671C69EFBD00BE1776 /* Abstract.jpg */,
				3F75F6681C69EFBD00BE1776 /* Body.jpg */,
				3F75F6691C69EFBD00BE1776 /* City.jpg */,
				3F75F66A1C69EFBD00BE1776 /* Regen.jpg */,
			);
			path = Background;
			sourceTree = "<group>";
		};
		3F75F66B1C69EFBD00BE1776 /* Images */ = {
			isa = PBXGroup;
			children = (
				3F75F66C1C69EFBD00BE1776 /* bg.png */,
				3F75F66D1C69EFBD00BE1776 /* bg@2x.png */,
				3F75F66E1C69EFBD00BE1776 /* Weather Icons */,
			);
			path = Images;
			sourceTree = "<group>";
		};
		3F75F66E1C69EFBD00BE1776 /* Weather Icons */ = {
			isa = PBXGroup;
			children = (
				3F75F66F1C69EFBD00BE1776 /* weather-broken.png */,
				3F75F6701C69EFBD00BE1776 /* weather-broken@2x.png */,
				3F75F6711C69EFBD00BE1776 /* weather-clear.png */,
				3F75F6721C69EFBD00BE1776 /* weather-clear@2x.png */,
				3F75F6731C69EFBD00BE1776 /* weather-few-night.png */,
				3F75F6741C69EFBD00BE1776 /* weather-few-night@2x.png */,
				3F75F6751C69EFBD00BE1776 /* weather-few.png */,
				3F75F6761C69EFBD00BE1776 /* weather-few@2x.png */,
				3F75F6771C69EFBD00BE1776 /* weather-mist.png */,
				3F75F6781C69EFBD00BE1776 /* weather-mist@2x.png */,
				3F75F6791C69EFBD00BE1776 /* weather-moon.png */,
				3F75F67A1C69EFBD00BE1776 /* weather-moon@2x.png */,
				3F75F67B1C69EFBD00BE1776 /* weather-rain-night.png */,
				3F75F67C1C69EFBD00BE1776 /* weather-rain-night@2x.png */,
				3F75F67D1C69EFBD00BE1776 /* weather-rain.png */,
				3F75F67E1C69EFBD00BE1776 /* weather-rain@2x.png */,
				3F75F67F1C69EFBD00BE1776 /* weather-scattered.png */,
				3F75F6801C69EFBD00BE1776 /* weather-scattered@2x.png */,
				3F75F6811C69EFBD00BE1776 /* weather-shower.png */,
				3F75F6821C69EFBD00BE1776 /* weather-shower@2x.png */,
				3F75F6831C69EFBD00BE1776 /* weather-snow.png */,
				3F75F6841C69EFBD00BE1776 /* weather-snow@2x.png */,
				3F75F6851C69EFBD00BE1776 /* weather-tstorm.png */,
				3F75F6861C69EFBD00BE1776 /* weather-tstorm@2x.png */,
			);
			path = "Weather Icons";
			sourceTree = "<group>";
		};
		3F85E7511C6918B600410FD3 = {
			isa = PBXGroup;
			children = (
				3F85E75C1C6918B600410FD3 /* WetterApp */,
				3F85E75B1C6918B600410FD3 /* Products */,
			);
			sourceTree = "<group>";
		};
		3F85E75B1C6918B600410FD3 /* Products */ = {
			isa = PBXGroup;
			children = (
				3F85E75A1C6918B600410FD3 /* WetterApp.app */,
			);
			name = Products;
			sourceTree = "<group>";
		};
		3F85E75C1C6918B600410FD3 /* WetterApp */ = {
			isa = PBXGroup;
			children = (
				3F75F6651C69EFBD00BE1776 /* Images */,
				3F85E75D1C6918B600410FD3 /* AppDelegate.swift */,
				3F85E75F1C6918B600410FD3 /* ViewController.swift */,
				3F75F6A51C6A0CC200BE1776 /* WeatherService.swift */,
				3F85E7611C6918B600410FD3 /* Main.storyboard */,
				3FFA336A1C69DA3E00E826A2 /* City.swift */,
				3F85E7641C6918B600410FD3 /* Assets.xcassets */,
				3F85E7661C6918B600410FD3 /* LaunchScreen.storyboard */,
				3F85E7691C6918B600410FD3 /* Info.plist */,
			);
			path = WetterApp;
			sourceTree = "<group>";
		};
/* End PBXGroup section */

/* Begin PBXNativeTarget section */
		3F85E7591C6918B600410FD3 /* WetterApp */ = {
			isa = PBXNativeTarget;
			buildConfigurationList = 3F85E76C1C6918B600410FD3 /* Build configuration list for PBXNativeTarget "WetterApp" */;
			buildPhases = (
				3F85E7561C6918B600410FD3 /* Sources */,
				3F85E7571C6918B600410FD3 /* Frameworks */,
				3F85E7581C6918B600410FD3 /* Resources */,
			);
			buildRules = (
			);
			dependencies = (
			);
			name = WetterApp;
			productName = WetterApp;
			productReference = 3F85E75A1C6918B600410FD3 /* WetterApp.app */;
			productType = "com.apple.product-type.application";
		};
/* End PBXNativeTarget section */

/* Begin PBXProject section */
		3F85E7521C6918B600410FD3 /* Project object */ = {
			isa = PBXProject;
			attributes = {
				LastSwiftUpdateCheck = 0710;
				LastUpgradeCheck = 0710;
				ORGANIZATIONNAME = student;
				TargetAttributes = {
					3F85E7591C6918B600410FD3 = {
						CreatedOnToolsVersion = 7.1.1;
					};
				};
			};
			buildConfigurationList = 3F85E7551C6918B600410FD3 /* Build configuration list for PBXProject "WetterApp" */;
			compatibilityVersion = "Xcode 3.2";
			developmentRegion = English;
			hasScannedForEncodings = 0;
			knownRegions = (
				en,
				Base,
			);
			mainGroup = 3F85E7511C6918B600410FD3;
			productRefGroup = 3F85E75B1C6918B600410FD3 /* Products */;
			projectDirPath = "";
			projectRoot = "";
			targets = (
				3F85E7591C6918B600410FD3 /* WetterApp */,
			);
		};
/* End PBXProject section */

/* Begin PBXResourcesBuildPhase section */
		3F85E7581C6918B600410FD3 /* Resources */ = {
			isa = PBXResourcesBuildPhase;
			buildActionMask = 2147483647;
			files = (
				3F75F6891C69EFBD00BE1776 /* City.jpg in Resources */,
				3F75F6A01C69EFBD00BE1776 /* weather-shower@2x.png in Resources */,
				3F75F6921C69EFBD00BE1776 /* weather-few-night@2x.png in Resources */,
				3F75F6881C69EFBD00BE1776 /* Body.jpg in Resources */,
				3F75F69F1C69EFBD00BE1776 /* weather-shower.png in Resources */,
				3F85E7681C6918B600410FD3 /* LaunchScreen.storyboard in Resources */,
				3F85E7651C6918B600410FD3 /* Assets.xcassets in Resources */,
				3F75F69A1C69EFBD00BE1776 /* weather-rain-night@2x.png in Resources */,
				3F75F6A41C69EFBD00BE1776 /* weather-tstorm@2x.png in Resources */,
				3F75F6941C69EFBD00BE1776 /* weather-few@2x.png in Resources */,
				3F75F68C1C69EFBD00BE1776 /* bg@2x.png in Resources */,
				3F75F69B1C69EFBD00BE1776 /* weather-rain.png in Resources */,
				3F75F6A31C69EFBD00BE1776 /* weather-tstorm.png in Resources */,
				3F75F6961C69EFBD00BE1776 /* weather-mist@2x.png in Resources */,
				3F75F6901C69EFBD00BE1776 /* weather-clear@2x.png in Resources */,
				3F75F6931C69EFBD00BE1776 /* weather-few.png in Resources */,
				3F75F6A21C69EFBD00BE1776 /* weather-snow@2x.png in Resources */,
				3F75F69D1C69EFBD00BE1776 /* weather-scattered.png in Resources */,
				3F75F6911C69EFBD00BE1776 /* weather-few-night.png in Resources */,
				3F75F68D1C69EFBD00BE1776 /* weather-broken.png in Resources */,
				3F75F6981C69EFBD00BE1776 /* weather-moon@2x.png in Resources */,
				3F75F6951C69EFBD00BE1776 /* weather-mist.png in Resources */,
				3F75F69C1C69EFBD00BE1776 /* weather-rain@2x.png in Resources */,
				3F75F68F1C69EFBD00BE1776 /* weather-clear.png in Resources */,
				3F75F68B1C69EFBD00BE1776 /* bg.png in Resources */,
				3F75F69E1C69EFBD00BE1776 /* weather-scattered@2x.png in Resources */,
				3F75F6971C69EFBD00BE1776 /* weather-moon.png in Resources */,
				3F75F68E1C69EFBD00BE1776 /* weather-broken@2x.png in Resources */,
				3F75F6871C69EFBD00BE1776 /* Abstract.jpg in Resources */,
				3F85E7631C6918B600410FD3 /* Main.storyboard in Resources */,
				3F75F6991C69EFBD00BE1776 /* weather-rain-night.png in Resources */,
				3F75F6A11C69EFBD00BE1776 /* weather-snow.png in Resources */,
				3F75F68A1C69EFBD00BE1776 /* Regen.jpg in Resources */,
			);
			runOnlyForDeploymentPostprocessing = 0;
		};
/* End PBXResourcesBuildPhase section */

/* Begin PBXSourcesBuildPhase section */
		3F85E7561C6918B600410FD3 /* Sources */ = {
			isa = PBXSourcesBuildPhase;
			buildActionMask = 2147483647;
			files = (
				3F75F6A61C6A0CC200BE1776 /* WeatherService.swift in Sources */,
				3F85E7601C6918B600410FD3 /* ViewController.swift in Sources */,
				3FFA336B1C69DA3E00E826A2 /* City.swift in Sources */,
				3F85E75E1C6918B600410FD3 /* AppDelegate.swift in Sources */,
			);
			runOnlyForDeploymentPostprocessing = 0;
		};
/* End PBXSourcesBuildPhase section */

/* Begin PBXVariantGroup section */
		3F85E7611C6918B600410FD3 /* Main.storyboard */ = {
			isa = PBXVariantGroup;
			children = (
				3F85E7621C6918B600410FD3 /* Base */,
			);
			name = Main.storyboard;
			sourceTree = "<group>";
		};
		3F85E7661C6918B600410FD3 /* LaunchScreen.storyboard */ = {
			isa = PBXVariantGroup;
			children = (
				3F85E7671C6918B600410FD3 /* Base */,
			);
			name = LaunchScreen.storyboard;
			sourceTree = "<group>";
		};
/* End PBXVariantGroup section */

/* Begin XCBuildConfiguration section */
		3F85E76A1C6918B600410FD3 /* Debug */ = {
			isa = XCBuildConfiguration;
			buildSettings = {
				ALWAYS_SEARCH_USER_PATHS = NO;
				CLANG_CXX_LANGUAGE_STANDARD = "gnu++0x";
				CLANG_CXX_LIBRARY = "libc++";
				CLANG_ENABLE_MODULES = YES;
				CLANG_ENABLE_OBJC_ARC = YES;
				CLANG_WARN_BOOL_CONVERSION = YES;
				CLANG_WARN_CONSTANT_CONVERSION = YES;
				CLANG_WARN_DIRECT_OBJC_ISA_USAGE = YES_ERROR;
				CLANG_WARN_EMPTY_BODY = YES;
				CLANG_WARN_ENUM_CONVERSION = YES;
				CLANG_WARN_INT_CONVERSION = YES;
				CLANG_WARN_OBJC_ROOT_CLASS = YES_ERROR;
				CLANG_WARN_UNREACHABLE_CODE = YES;
				CLANG_WARN__DUPLICATE_METHOD_MATCH = YES;
				"CODE_SIGN_IDENTITY[sdk=iphoneos*]" = "iPhone Developer";
				COPY_PHASE_STRIP = NO;
				DEBUG_INFORMATION_FORMAT = dwarf;
				ENABLE_STRICT_OBJC_MSGSEND = YES;
				ENABLE_TESTABILITY = YES;
				GCC_C_LANGUAGE_STANDARD = gnu99;
				GCC_DYNAMIC_NO_PIC = NO;
				GCC_NO_COMMON_BLOCKS = YES;
				GCC_OPTIMIZATION_LEVEL = 0;
				GCC_PREPROCESSOR_DEFINITIONS = (
					"DEBUG=1",
					"$(inherited)",
				);
				GCC_WARN_64_TO_32_BIT_CONVERSION = YES;
				GCC_WARN_ABOUT_RETURN_TYPE = YES_ERROR;
				GCC_WARN_UNDECLARED_SELECTOR = YES;
				GCC_WARN_UNINITIALIZED_AUTOS = YES_AGGRESSIVE;
				GCC_WARN_UNUSED_FUNCTION = YES;
				GCC_WARN_UNUSED_VARIABLE = YES;
				IPHONEOS_DEPLOYMENT_TARGET = 9.1;
				MTL_ENABLE_DEBUG_INFO = YES;
				ONLY_ACTIVE_ARCH = YES;
				SDKROOT = iphoneos;
				SWIFT_OPTIMIZATION_LEVEL = "-Onone";
				TARGETED_DEVICE_FAMILY = "1,2";
			};
			name = Debug;
		};
		3F85E76B1C6918B600410FD3 /* Release */ = {
			isa = XCBuildConfiguration;
			buildSettings = {
				ALWAYS_SEARCH_USER_PATHS = NO;
				CLANG_CXX_LANGUAGE_STANDARD = "gnu++0x";
				CLANG_CXX_LIBRARY = "libc++";
				CLANG_ENABLE_MODULES = YES;
				CLANG_ENABLE_OBJC_ARC = YES;
				CLANG_WARN_BOOL_CONVERSION = YES;
				CLANG_WARN_CONSTANT_CONVERSION = YES;
				CLANG_WARN_DIRECT_OBJC_ISA_USAGE = YES_ERROR;
				CLANG_WARN_EMPTY_BODY = YES;
				CLANG_WARN_ENUM_CONVERSION = YES;
				CLANG_WARN_INT_CONVERSION = YES;
				CLANG_WARN_OBJC_ROOT_CLASS = YES_ERROR;
				CLANG_WARN_UNREACHABLE_CODE = YES;
				CLANG_WARN__DUPLICATE_METHOD_MATCH = YES;
				"CODE_SIGN_IDENTITY[sdk=iphoneos*]" = "iPhone Developer";
				COPY_PHASE_STRIP = NO;
				DEBUG_INFORMATION_FORMAT = "dwarf-with-dsym";
				ENABLE_NS_ASSERTIONS = NO;
				ENABLE_STRICT_OBJC_MSGSEND = YES;
				GCC_C_LANGUAGE_STANDARD = gnu99;
				GCC_NO_COMMON_BLOCKS = YES;
				GCC_WARN_64_TO_32_BIT_CONVERSION = YES;
				GCC_WARN_ABOUT_RETURN_TYPE = YES_ERROR;
				GCC_WARN_UNDECLARED_SELECTOR = YES;
				GCC_WARN_UNINITIALIZED_AUTOS = YES_AGGRESSIVE;
				GCC_WARN_UNUSED_FUNCTION = YES;
				GCC_WARN_UNUSED_VARIABLE = YES;
				IPHONEOS_DEPLOYMENT_TARGET = 9.1;
				MTL_ENABLE_DEBUG_INFO = NO;
				SDKROOT = iphoneos;
				TARGETED_DEVICE_FAMILY = "1,2";
				VALIDATE_PRODUCT = YES;
			};
			name = Release;
		};
		3F85E76D1C6918B600410FD3 /* Debug */ = {
			isa = XCBuildConfiguration;
			buildSettings = {
				ASSETCATALOG_COMPILER_APPICON_NAME = AppIcon;
				INFOPLIST_FILE = WetterApp/Info.plist;
				LD_RUNPATH_SEARCH_PATHS = "$(inherited) @executable_path/Frameworks";
				PRODUCT_BUNDLE_IDENTIFIER = de.jsmarts.WetterApp;
				PRODUCT_NAME = "$(TARGET_NAME)";
			};
			name = Debug;
		};
		3F85E76E1C6918B600410FD3 /* Release */ = {
			isa = XCBuildConfiguration;
			buildSettings = {
				ASSETCATALOG_COMPILER_APPICON_NAME = AppIcon;
				INFOPLIST_FILE = WetterApp/Info.plist;
				LD_RUNPATH_SEARCH_PATHS = "$(inherited) @executable_path/Frameworks";
				PRODUCT_BUNDLE_IDENTIFIER = de.jsmarts.WetterApp;
				PRODUCT_NAME = "$(TARGET_NAME)";
			};
			name = Release;
		};
/* End XCBuildConfiguration section */

/* Begin XCConfigurationList section */
		3F85E7551C6918B600410FD3 /* Build configuration list for PBXProject "WetterApp" */ = {
			isa = XCConfigurationList;
			buildConfigurations = (
				3F85E76A1C6918B600410FD3 /* Debug */,
				3F85E76B1C6918B600410FD3 /* Release */,
			);
			defaultConfigurationIsVisible = 0;
			defaultConfigurationName = Release;
		};
		3F85E76C1C6918B600410FD3 /* Build configuration list for PBXNativeTarget "WetterApp" */ = {
			isa = XCConfigurationList;
			buildConfigurations = (
				3F85E76D1C6918B600410FD3 /* Debug */,
				3F85E76E1C6918B600410FD3 /* Release */,
			);
			defaultConfigurationIsVisible = 0;
			defaultConfigurationName = Release;
		};
/* End XCConfigurationList section */
	};
	rootObject = 3F85E7521C6918B600410FD3 /* Project object */;
}
