// !$*UTF8*$!
{
	archiveVersion = 1;
	classes = {
	};
	objectVersion = 46;
	objects = {

/* Begin PBXBuildFile section */
		3F18A51A1C1B2F270002497E /* AppDelegate.swift in Sources */ = {isa = PBXBuildFile; fileRef = 3F18A5191C1B2F270002497E /* AppDelegate.swift */; };
		3F18A51C1C1B2F270002497E /* ViewController.swift in Sources */ = {isa = PBXBuildFile; fileRef = 3F18A51B1C1B2F270002497E /* ViewController.swift */; };
		3F18A51F1C1B2F270002497E /* Main.storyboard in Resources */ = {isa = PBXBuildFile; fileRef = 3F18A51D1C1B2F270002497E /* Main.storyboard */; };
		3F18A5211C1B2F270002497E /* Assets.xcassets in Resources */ = {isa = PBXBuildFile; fileRef = 3F18A5201C1B2F270002497E /* Assets.xcassets */; };
		3F18A5241C1B2F270002497E /* LaunchScreen.storyboard in Resources */ = {isa = PBXBuildFile; fileRef = 3F18A5221C1B2F270002497E /* LaunchScreen.storyboard */; };
/* End PBXBuildFile section */

/* Begin PBXFileReference section */
		3F18A5161C1B2F270002497E /* MeineWetter.app */ = {isa = PBXFileReference; explicitFileType = wrapper.application; includeInIndex = 0; path = MeineWetter.app; sourceTree = BUILT_PRODUCTS_DIR; };
		3F18A5191C1B2F270002497E /* AppDelegate.swift */ = {isa = PBXFileReference; lastKnownFileType = sourcecode.swift; path = AppDelegate.swift; sourceTree = "<group>"; };
		3F18A51B1C1B2F270002497E /* ViewController.swift */ = {isa = PBXFileReference; lastKnownFileType = sourcecode.swift; path = ViewController.swift; sourceTree = "<group>"; };
		3F18A51E1C1B2F270002497E /* Base */ = {isa = PBXFileReference; lastKnownFileType = file.storyboard; name = Base; path = Base.lproj/Main.storyboard; sourceTree = "<group>"; };
		3F18A5201C1B2F270002497E /* Assets.xcassets */ = {isa = PBXFileReference; lastKnownFileType = folder.assetcatalog; path = Assets.xcassets; sourceTree = "<group>"; };
		3F18A5231C1B2F270002497E /* Base */ = {isa = PBXFileReference; lastKnownFileType = file.storyboard; name = Base; path = Base.lproj/LaunchScreen.storyboard; sourceTree = "<group>"; };
		3F18A5251C1B2F270002497E /* Info.plist */ = {isa = PBXFileReference; lastKnownFileType = text.plist.xml; path = Info.plist; sourceTree = "<group>"; };
/* End PBXFileReference section */

/* Begin PBXFrameworksBuildPhase section */
		3F18A5131C1B2F270002497E /* Frameworks */ = {
			isa = PBXFrameworksBuildPhase;
			buildActionMask = 2147483647;
			files = (
			);
			runOnlyForDeploymentPostprocessing = 0;
		};
/* End PBXFrameworksBuildPhase section */

/* Begin PBXGroup section */
		3F18A50D1C1B2F270002497E = {
			isa = PBXGroup;
			children = (
				3F18A5181C1B2F270002497E /* MeineWetter */,
				3F18A5171C1B2F270002497E /* Products */,
			);
			sourceTree = "<group>";
		};
		3F18A5171C1B2F270002497E /* Products */ = {
			isa = PBXGroup;
			children = (
				3F18A5161C1B2F270002497E /* MeineWetter.app */,
			);
			name = Products;
			sourceTree = "<group>";
		};
		3F18A5181C1B2F270002497E /* MeineWetter */ = {
			isa = PBXGroup;
			children = (
				3F18A5191C1B2F270002497E /* AppDelegate.swift */,
				3F18A51B1C1B2F270002497E /* ViewController.swift */,
				3F18A51D1C1B2F270002497E /* Main.storyboard */,
				3F18A5201C1B2F270002497E /* Assets.xcassets */,
				3F18A5221C1B2F270002497E /* LaunchScreen.storyboard */,
				3F18A5251C1B2F270002497E /* Info.plist */,
			);
			path = MeineWetter;
			sourceTree = "<group>";
		};
/* End PBXGroup section */

/* Begin PBXNativeTarget section */
		3F18A5151C1B2F270002497E /* MeineWetter */ = {
			isa = PBXNativeTarget;
			buildConfigurationList = 3F18A5281C1B2F270002497E /* Build configuration list for PBXNativeTarget "MeineWetter" */;
			buildPhases = (
				3F18A5121C1B2F270002497E /* Sources */,
				3F18A5131C1B2F270002497E /* Frameworks */,
				3F18A5141C1B2F270002497E /* Resources */,
			);
			buildRules = (
			);
			dependencies = (
			);
			name = MeineWetter;
			productName = MeineWetter;
			productReference = 3F18A5161C1B2F270002497E /* MeineWetter.app */;
			productType = "com.apple.product-type.application";
		};
/* End PBXNativeTarget section */

/* Begin PBXProject section */
		3F18A50E1C1B2F270002497E /* Project object */ = {
			isa = PBXProject;
			attributes = {
				LastSwiftUpdateCheck = 0710;
				LastUpgradeCheck = 0710;
				ORGANIZATIONNAME = student;
				TargetAttributes = {
					3F18A5151C1B2F270002497E = {
						CreatedOnToolsVersion = 7.1.1;
					};
				};
			};
			buildConfigurationList = 3F18A5111C1B2F270002497E /* Build configuration list for PBXProject "MeineWetter" */;
			compatibilityVersion = "Xcode 3.2";
			developmentRegion = English;
			hasScannedForEncodings = 0;
			knownRegions = (
				en,
				Base,
			);
			mainGroup = 3F18A50D1C1B2F270002497E;
			productRefGroup = 3F18A5171C1B2F270002497E /* Products */;
			projectDirPath = "";
			projectRoot = "";
			targets = (
				3F18A5151C1B2F270002497E /* MeineWetter */,
			);
		};
/* End PBXProject section */

/* Begin PBXResourcesBuildPhase section */
		3F18A5141C1B2F270002497E /* Resources */ = {
			isa = PBXResourcesBuildPhase;
			buildActionMask = 2147483647;
			files = (
				3F18A5241C1B2F270002497E /* LaunchScreen.storyboard in Resources */,
				3F18A5211C1B2F270002497E /* Assets.xcassets in Resources */,
				3F18A51F1C1B2F270002497E /* Main.storyboard in Resources */,
			);
			runOnlyForDeploymentPostprocessing = 0;
		};
/* End PBXResourcesBuildPhase section */

/* Begin PBXSourcesBuildPhase section */
		3F18A5121C1B2F270002497E /* Sources */ = {
			isa = PBXSourcesBuildPhase;
			buildActionMask = 2147483647;
			files = (
				3F18A51C1C1B2F270002497E /* ViewController.swift in Sources */,
				3F18A51A1C1B2F270002497E /* AppDelegate.swift in Sources */,
			);
			runOnlyForDeploymentPostprocessing = 0;
		};
/* End PBXSourcesBuildPhase section */

/* Begin PBXVariantGroup section */
		3F18A51D1C1B2F270002497E /* Main.storyboard */ = {
			isa = PBXVariantGroup;
			children = (
				3F18A51E1C1B2F270002497E /* Base */,
			);
			name = Main.storyboard;
			sourceTree = "<group>";
		};
		3F18A5221C1B2F270002497E /* LaunchScreen.storyboard */ = {
			isa = PBXVariantGroup;
			children = (
				3F18A5231C1B2F270002497E /* Base */,
			);
			name = LaunchScreen.storyboard;
			sourceTree = "<group>";
		};
/* End PBXVariantGroup section */

/* Begin XCBuildConfiguration section */
		3F18A5261C1B2F270002497E /* Debug */ = {
			isa = XCBuildConfiguration;
			buildSettings = {
				ALWAYS_SEARCH_USER_PATHS = NO;
				CLANG_CXX_LANGUAGE_STANDARD = "gnu++0x";
				CLANG_CXX_LIBRARY = "libc++";
				CLANG_ENABLE_MODULES = YES;
				CLANG_ENABLE_OBJC_ARC = YES;
				CLANG_WARN_BOOL_CONVERSION = YES;
				CLANG_WARN_CONSTANT_CONVERSION = YES;
				CLANG_WARN_DIRECT_OBJC_ISA_USAGE = YES_ERROR;
				CLANG_WARN_EMPTY_BODY = YES;
				CLANG_WARN_ENUM_CONVERSION = YES;
				CLANG_WARN_INT_CONVERSION = YES;
				CLANG_WARN_OBJC_ROOT_CLASS = YES_ERROR;
				CLANG_WARN_UNREACHABLE_CODE = YES;
				CLANG_WARN__DUPLICATE_METHOD_MATCH = YES;
				"CODE_SIGN_IDENTITY[sdk=iphoneos*]" = "iPhone Developer";
				COPY_PHASE_STRIP = NO;
				DEBUG_INFORMATION_FORMAT = dwarf;
				ENABLE_STRICT_OBJC_MSGSEND = YES;
				ENABLE_TESTABILITY = YES;
				GCC_C_LANGUAGE_STANDARD = gnu99;
				GCC_DYNAMIC_NO_PIC = NO;
				GCC_NO_COMMON_BLOCKS = YES;
				GCC_OPTIMIZATION_LEVEL = 0;
				GCC_PREPROCESSOR_DEFINITIONS = (
					"DEBUG=1",
					"$(inherited)",
				);
				GCC_WARN_64_TO_32_BIT_CONVERSION = YES;
				GCC_WARN_ABOUT_RETURN_TYPE = YES_ERROR;
				GCC_WARN_UNDECLARED_SELECTOR = YES;
				GCC_WARN_UNINITIALIZED_AUTOS = YES_AGGRESSIVE;
				GCC_WARN_UNUSED_FUNCTION = YES;
				GCC_WARN_UNUSED_VARIABLE = YES;
				IPHONEOS_DEPLOYMENT_TARGET = 9.1;
				MTL_ENABLE_DEBUG_INFO = YES;
				ONLY_ACTIVE_ARCH = YES;
				SDKROOT = iphoneos;
				SWIFT_OPTIMIZATION_LEVEL = "-Onone";
				TARGETED_DEVICE_FAMILY = "1,2";
			};
			name = Debug;
		};
		3F18A5271C1B2F270002497E /* Release */ = {
			isa = XCBuildConfiguration;
			buildSettings = {
				ALWAYS_SEARCH_USER_PATHS = NO;
				CLANG_CXX_LANGUAGE_STANDARD = "gnu++0x";
				CLANG_CXX_LIBRARY = "libc++";
				CLANG_ENABLE_MODULES = YES;
				CLANG_ENABLE_OBJC_ARC = YES;
				CLANG_WARN_BOOL_CONVERSION = YES;
				CLANG_WARN_CONSTANT_CONVERSION = YES;
				CLANG_WARN_DIRECT_OBJC_ISA_USAGE = YES_ERROR;
				CLANG_WARN_EMPTY_BODY = YES;
				CLANG_WARN_ENUM_CONVERSION = YES;
				CLANG_WARN_INT_CONVERSION = YES;
				CLANG_WARN_OBJC_ROOT_CLASS = YES_ERROR;
				CLANG_WARN_UNREACHABLE_CODE = YES;
				CLANG_WARN__DUPLICATE_METHOD_MATCH = YES;
				"CODE_SIGN_IDENTITY[sdk=iphoneos*]" = "iPhone Developer";
				COPY_PHASE_STRIP = NO;
				DEBUG_INFORMATION_FORMAT = "dwarf-with-dsym";
				ENABLE_NS_ASSERTIONS = NO;
				ENABLE_STRICT_OBJC_MSGSEND = YES;
				GCC_C_LANGUAGE_STANDARD = gnu99;
				GCC_NO_COMMON_BLOCKS = YES;
				GCC_WARN_64_TO_32_BIT_CONVERSION = YES;
				GCC_WARN_ABOUT_RETURN_TYPE = YES_ERROR;
				GCC_WARN_UNDECLARED_SELECTOR = YES;
				GCC_WARN_UNINITIALIZED_AUTOS = YES_AGGRESSIVE;
				GCC_WARN_UNUSED_FUNCTION = YES;
				GCC_WARN_UNUSED_VARIABLE = YES;
				IPHONEOS_DEPLOYMENT_TARGET = 9.1;
				MTL_ENABLE_DEBUG_INFO = NO;
				SDKROOT = iphoneos;
				TARGETED_DEVICE_FAMILY = "1,2";
				VALIDATE_PRODUCT = YES;
			};
			name = Release;
		};
		3F18A5291C1B2F270002497E /* Debug */ = {
			isa = XCBuildConfiguration;
			buildSettings = {
				ASSETCATALOG_COMPILER_APPICON_NAME = AppIcon;
				INFOPLIST_FILE = MeineWetter/Info.plist;
				LD_RUNPATH_SEARCH_PATHS = "$(inherited) @executable_path/Frameworks";
				PRODUCT_BUNDLE_IDENTIFIER = de.fhws.meinteam.MeineWetter;
				PRODUCT_NAME = "$(TARGET_NAME)";
			};
			name = Debug;
		};
		3F18A52A1C1B2F270002497E /* Release */ = {
			isa = XCBuildConfiguration;
			buildSettings = {
				ASSETCATALOG_COMPILER_APPICON_NAME = AppIcon;
				INFOPLIST_FILE = MeineWetter/Info.plist;
				LD_RUNPATH_SEARCH_PATHS = "$(inherited) @executable_path/Frameworks";
				PRODUCT_BUNDLE_IDENTIFIER = de.fhws.meinteam.MeineWetter;
				PRODUCT_NAME = "$(TARGET_NAME)";
			};
			name = Release;
		};
/* End XCBuildConfiguration section */

/* Begin XCConfigurationList section */
		3F18A5111C1B2F270002497E /* Build configuration list for PBXProject "MeineWetter" */ = {
			isa = XCConfigurationList;
			buildConfigurations = (
				3F18A5261C1B2F270002497E /* Debug */,
				3F18A5271C1B2F270002497E /* Release */,
			);
			defaultConfigurationIsVisible = 0;
			defaultConfigurationName = Release;
		};
		3F18A5281C1B2F270002497E /* Build configuration list for PBXNativeTarget "MeineWetter" */ = {
			isa = XCConfigurationList;
			buildConfigurations = (
				3F18A5291C1B2F270002497E /* Debug */,
				3F18A52A1C1B2F270002497E /* Release */,
			);
			defaultConfigurationIsVisible = 0;
		};
/* End XCConfigurationList section */
	};
	rootObject = 3F18A50E1C1B2F270002497E /* Project object */;
}
